
Microsoft Visual Studio Solution File, Format Version 12.00
# Visual Studio Version 17
VisualStudioVersion = 17.0.31903.59
MinimumVisualStudioVersion = 10.0.40219.1
Project("{FAE04EC0-301F-11D3-BF4B-00C04F79EFBC}") = "Exe06a", "Exe06a\Exe06a.csproj", "{39E0E01D-A42C-44EE-9379-F8D0B591B959}"
EndProject
Project("{FAE04EC0-301F-11D3-BF4B-00C04F79EFBC}") = "Exe06b", "Exe06b\Exe06b.csproj", "{B400DB37-3A29-4AAF-B6DB-DC97E161976A}"
EndProject
Project("{FAE04EC0-301F-11D3-BF4B-00C04F79EFBC}") = "Exteste1", "Exteste1\Exteste1.csproj", "{A8D9DC7C-1E66-4719-8D66-92D5D021D360}"
EndProject
Project("{FAE04EC0-301F-11D3-BF4B-00C04F79EFBC}") = "Exteste2", "Exteste2\Exteste2.csproj", "{60B359C4-0C97-4015-A993-C0D3E2FA55DD}"
EndProject
Project("{FAE04EC0-301F-11D3-BF4B-00C04F79EFBC}") = "Exteste3", "Exteste3\Exteste3.csproj", "{2E4B3D4E-A8BE-4F8E-8F59-09D08F291962}"
EndProject
Project("{FAE04EC0-301F-11D3-BF4B-00C04F79EFBC}") = "Exteste4", "Exteste4\Exteste4.csproj", "{E8CA69E6-42F3-4D09-A4C4-D063BC888984}"
EndProject
Global
	GlobalSection(SolutionConfigurationPlatforms) = preSolution
		Debug|Any CPU = Debug|Any CPU
		Release|Any CPU = Release|Any CPU
	EndGlobalSection
	GlobalSection(SolutionProperties) = preSolution
		HideSolutionNode = FALSE
	EndGlobalSection
	GlobalSection(ProjectConfigurationPlatforms) = postSolution
		{39E0E01D-A42C-44EE-9379-F8D0B591B959}.Debug|Any CPU.ActiveCfg = Debug|Any CPU
		{39E0E01D-A42C-44EE-9379-F8D0B591B959}.Debug|Any CPU.Build.0 = Debug|Any CPU
		{39E0E01D-A42C-44EE-9379-F8D0B591B959}.Release|Any CPU.ActiveCfg = Release|Any CPU
		{39E0E01D-A42C-44EE-9379-F8D0B591B959}.Release|Any CPU.Build.0 = Release|Any CPU
		{B400DB37-3A29-4AAF-B6DB-DC97E161976A}.Debug|Any CPU.ActiveCfg = Debug|Any CPU
		{B400DB37-3A29-4AAF-B6DB-DC97E161976A}.Debug|Any CPU.Build.0 = Debug|Any CPU
		{B400DB37-3A29-4AAF-B6DB-DC97E161976A}.Release|Any CPU.ActiveCfg = Release|Any CPU
		{B400DB37-3A29-4AAF-B6DB-DC97E161976A}.Release|Any CPU.Build.0 = Release|Any CPU
		{A8D9DC7C-1E66-4719-8D66-92D5D021D360}.Debug|Any CPU.ActiveCfg = Debug|Any CPU
		{A8D9DC7C-1E66-4719-8D66-92D5D021D360}.Debug|Any CPU.Build.0 = Debug|Any CPU
		{A8D9DC7C-1E66-4719-8D66-92D5D021D360}.Release|Any CPU.ActiveCfg = Release|Any CPU
		{A8D9DC7C-1E66-4719-8D66-92D5D021D360}.Release|Any CPU.Build.0 = Release|Any CPU
		{60B359C4-0C97-4015-A993-C0D3E2FA55DD}.Debug|Any CPU.ActiveCfg = Debug|Any CPU
		{60B359C4-0C97-4015-A993-C0D3E2FA55DD}.Debug|Any CPU.Build.0 = Debug|Any CPU
		{60B359C4-0C97-4015-A993-C0D3E2FA55DD}.Release|Any CPU.ActiveCfg = Release|Any CPU
		{60B359C4-0C97-4015-A993-C0D3E2FA55DD}.Release|Any CPU.Build.0 = Release|Any CPU
		{2E4B3D4E-A8BE-4F8E-8F59-09D08F291962}.Debug|Any CPU.ActiveCfg = Debug|Any CPU
		{2E4B3D4E-A8BE-4F8E-8F59-09D08F291962}.Debug|Any CPU.Build.0 = Debug|Any CPU
		{2E4B3D4E-A8BE-4F8E-8F59-09D08F291962}.Release|Any CPU.ActiveCfg = Release|Any CPU
		{2E4B3D4E-A8BE-4F8E-8F59-09D08F291962}.Release|Any CPU.Build.0 = Release|Any CPU
		{E8CA69E6-42F3-4D09-A4C4-D063BC888984}.Debug|Any CPU.ActiveCfg = Debug|Any CPU
		{E8CA69E6-42F3-4D09-A4C4-D063BC888984}.Debug|Any CPU.Build.0 = Debug|Any CPU
		{E8CA69E6-42F3-4D09-A4C4-D063BC888984}.Release|Any CPU.ActiveCfg = Release|Any CPU
		{E8CA69E6-42F3-4D09-A4C4-D063BC888984}.Release|Any CPU.Build.0 = Release|Any CPU
	EndGlobalSection
EndGlobal
